
Microsoft Visual Studio Solution File, Format Version 12.00
# Visual Studio Version 17
VisualStudioVersion = 17.3.32825.248
MinimumVisualStudioVersion = 10.0.40219.1
Project("{FAE04EC0-301F-11D3-BF4B-00C04F79EFBC}") = "LabKIS2", "LabKIS2.csproj", "{B129021F-F66F-436A-A77E-F30AFCE7CE53}"
EndProject
Global
	GlobalSection(SolutionConfigurationPlatforms) = preSolution
		Debug|Any CPU = Debug|Any CPU
		Release|Any CPU = Release|Any CPU
	EndGlobalSection
	GlobalSection(ProjectConfigurationPlatforms) = postSolution
		{B129021F-F66F-436A-A77E-F30AFCE7CE53}.Debug|Any CPU.ActiveCfg = Debug|Any CPU
		{B129021F-F66F-436A-A77E-F30AFCE7CE53}.Debug|Any CPU.Build.0 = Debug|Any CPU
		{B129021F-F66F-436A-A77E-F30AFCE7CE53}.Release|Any CPU.ActiveCfg = Release|Any CPU
		{B129021F-F66F-436A-A77E-F30AFCE7CE53}.Release|Any CPU.Build.0 = Release|Any CPU
	EndGlobalSection
	GlobalSection(SolutionProperties) = preSolution
		HideSolutionNode = FALSE
	EndGlobalSection
	GlobalSection(ExtensibilityGlobals) = postSolution
		SolutionGuid = {8B42B7C7-4E23-4D73-A3DD-14CD9E13C130}
	EndGlobalSection
EndGlobal
