
Microsoft Visual Studio Solution File, Format Version 12.00
# Visual Studio Version 17
VisualStudioVersion = 17.9.34728.123
MinimumVisualStudioVersion = 10.0.40219.1
Project("{9A19103F-16F7-4668-BE54-9A1E7A4F7556}") = "AppSklad", "AppSklad.csproj", "{F178335D-7F9B-44A0-A04A-5DEEA39621F2}"
EndProject
Project("{9A19103F-16F7-4668-BE54-9A1E7A4F7556}") = "ConsoleAppAccess", "..\ConsoleAppAccess\ConsoleAppAccess.csproj", "{0F3FBC8C-B298-4D15-AE2D-6B6C92CBE96D}"
EndProject
Global
	GlobalSection(SolutionConfigurationPlatforms) = preSolution
		Debug|Any CPU = Debug|Any CPU
		Release|Any CPU = Release|Any CPU
	EndGlobalSection
	GlobalSection(ProjectConfigurationPlatforms) = postSolution
		{F178335D-7F9B-44A0-A04A-5DEEA39621F2}.Debug|Any CPU.ActiveCfg = Debug|Any CPU
		{F178335D-7F9B-44A0-A04A-5DEEA39621F2}.Debug|Any CPU.Build.0 = Debug|Any CPU
		{F178335D-7F9B-44A0-A04A-5DEEA39621F2}.Release|Any CPU.ActiveCfg = Release|Any CPU
		{F178335D-7F9B-44A0-A04A-5DEEA39621F2}.Release|Any CPU.Build.0 = Release|Any CPU
		{0F3FBC8C-B298-4D15-AE2D-6B6C92CBE96D}.Debug|Any CPU.ActiveCfg = Debug|Any CPU
		{0F3FBC8C-B298-4D15-AE2D-6B6C92CBE96D}.Debug|Any CPU.Build.0 = Debug|Any CPU
		{0F3FBC8C-B298-4D15-AE2D-6B6C92CBE96D}.Release|Any CPU.ActiveCfg = Release|Any CPU
		{0F3FBC8C-B298-4D15-AE2D-6B6C92CBE96D}.Release|Any CPU.Build.0 = Release|Any CPU
	EndGlobalSection
	GlobalSection(SolutionProperties) = preSolution
		HideSolutionNode = FALSE
	EndGlobalSection
	GlobalSection(ExtensibilityGlobals) = postSolution
		SolutionGuid = {B03894B9-132A-487F-8117-9E42C8AB62BD}
	EndGlobalSection
EndGlobal
