
Microsoft Visual Studio Solution File, Format Version 12.00
# Visual Studio Version 17
VisualStudioVersion = 17.9.34701.34
MinimumVisualStudioVersion = 10.0.40219.1
Project("{9A19103F-16F7-4668-BE54-9A1E7A4F7556}") = "ConsoleApp1", "ConsoleApp1\ConsoleApp1.csproj", "{CD0E9BAB-A02D-4C1F-B256-BB8569D9DD3C}"
EndProject
Project("{FAE04EC0-301F-11D3-BF4B-00C04F79EFBC}") = "OptWpfApp", "..\OptWpfApp\OptWpfApp\OptWpfApp.csproj", "{9A0BA073-4C89-44D3-A34F-B20F089FF72A}"
	ProjectSection(ProjectDependencies) = postProject
		{CD0E9BAB-A02D-4C1F-B256-BB8569D9DD3C} = {CD0E9BAB-A02D-4C1F-B256-BB8569D9DD3C}
	EndProjectSection
EndProject
Global
	GlobalSection(SolutionConfigurationPlatforms) = preSolution
		Debug|Any CPU = Debug|Any CPU
		Release|Any CPU = Release|Any CPU
	EndGlobalSection
	GlobalSection(ProjectConfigurationPlatforms) = postSolution
		{CD0E9BAB-A02D-4C1F-B256-BB8569D9DD3C}.Debug|Any CPU.ActiveCfg = Debug|Any CPU
		{CD0E9BAB-A02D-4C1F-B256-BB8569D9DD3C}.Debug|Any CPU.Build.0 = Debug|Any CPU
		{CD0E9BAB-A02D-4C1F-B256-BB8569D9DD3C}.Release|Any CPU.ActiveCfg = Release|Any CPU
		{CD0E9BAB-A02D-4C1F-B256-BB8569D9DD3C}.Release|Any CPU.Build.0 = Release|Any CPU
		{9A0BA073-4C89-44D3-A34F-B20F089FF72A}.Debug|Any CPU.ActiveCfg = Debug|Any CPU
		{9A0BA073-4C89-44D3-A34F-B20F089FF72A}.Debug|Any CPU.Build.0 = Debug|Any CPU
		{9A0BA073-4C89-44D3-A34F-B20F089FF72A}.Release|Any CPU.ActiveCfg = Release|Any CPU
		{9A0BA073-4C89-44D3-A34F-B20F089FF72A}.Release|Any CPU.Build.0 = Release|Any CPU
	EndGlobalSection
	GlobalSection(SolutionProperties) = preSolution
		HideSolutionNode = FALSE
	EndGlobalSection
	GlobalSection(ExtensibilityGlobals) = postSolution
		SolutionGuid = {A67C349D-F22C-4934-9F56-311198D83AF0}
	EndGlobalSection
EndGlobal
